{
  "name": "capacitor",
  "version": "0.1.0",
  "lockfileVersion": 1,
  "requires": true,
  "dependencies": {
    "@phc/format": {
      "version": "0.5.0",
      "resolved": "https://registry.npmjs.org/@phc/format/-/format-0.5.0.tgz",
      "integrity": "sha512-JWtZ5P1bfXU0bAtTzCpOLYHDXuxSVdtL/oqz4+xa97h8w9E5IlVN333wugXVFv8vZ1hbXObKQf1ptXmFFcMByg==",
      "requires": {
        "safe-buffer": "^5.1.2"
      }
    },
    "argon2": {
      "version": "0.21.0",
      "resolved": "https://registry.npmjs.org/argon2/-/argon2-0.21.0.tgz",
      "integrity": "sha512-L+2aafb77i7RRv/Hk9V/qHHIJ+IjhOhEEO2YgRcFapCbepdHNH6frGvvRXAWEdGDD+SdLKo0F3evgi80eL9QEQ==",
      "requires": {
        "@phc/format": "^0.5.0",
        "bindings": "^1.4.0",
        "node-addon-api": "^1.6.0"
      }
    },
    "bindings": {
      "version": "1.5.0",
      "resolved": "https://registry.npmjs.org/bindings/-/bindings-1.5.0.tgz",
      "integrity": "sha512-p2q/t/mhvuOj/UeLlV6566GD/guowlr0hHxClI0W9m7MWYkL1F0hLo+0Aexs9HSPCtR1SXQ0TD3MMKrXZajbiQ==",
      "requires": {
        "file-uri-to-path": "1.0.0"
      }
    },
    "bson": {
      "version": "1.1.1",
      "resolved": "https://registry.npmjs.org/bson/-/bson-1.1.1.tgz",
      "integrity": "sha512-jCGVYLoYMHDkOsbwJZBCqwMHyH4c+wzgI9hG7Z6SZJRXWr+x58pdIbm2i9a/jFGCkRJqRUr8eoI7lDWa0hTkxg=="
    },
    "file-uri-to-path": {
      "version": "1.0.0",
      "resolved": "https://registry.npmjs.org/file-uri-to-path/-/file-uri-to-path-1.0.0.tgz",
      "integrity": "sha512-0Zt+s3L7Vf1biwWZ29aARiVYLx7iMGnEUl9x33fbB/j3jR81u/O2LbqK+Bm1CDSNDKVtJ/YjwY7TUd5SkeLQLw=="
    },
    "jwt-simple": {
      "version": "0.5.5",
      "resolved": "https://registry.npmjs.org/jwt-simple/-/jwt-simple-0.5.5.tgz",
      "integrity": "sha512-KEyanRIDHooo8KuBxY3CC019NbwHtxdsxzRJUfaGqcxMrvBPBkosN+RUxx1nZFI6yrErq3KTW8HI/qrNIxHe0g=="
    },
    "memory-pager": {
      "version": "1.5.0",
      "resolved": "https://registry.npmjs.org/memory-pager/-/memory-pager-1.5.0.tgz",
      "integrity": "sha512-ZS4Bp4r/Zoeq6+NLJpP+0Zzm0pR8whtGPf1XExKLJBAczGMnSi3It14OiNCStjQjM6NU1okjQGSxgEZN8eBYKg==",
      "optional": true
    },
    "mongodb": {
      "version": "3.2.2",
      "resolved": "https://registry.npmjs.org/mongodb/-/mongodb-3.2.2.tgz",
      "integrity": "sha512-xQ6apOOV+w7VFApdaJpWhYhzartpjIDFQjG0AwgJkLh7dBs7PTsq4A3Bia2QWpDohmAzTBIdQVLMqqLy0mwt3Q==",
      "requires": {
        "mongodb-core": "3.2.2",
        "safe-buffer": "^5.1.2"
      }
    },
    "mongodb-core": {
      "version": "3.2.2",
      "resolved": "https://registry.npmjs.org/mongodb-core/-/mongodb-core-3.2.2.tgz",
      "integrity": "sha512-YRgC39MuzKL0uoGoRdTmV1e9m47NbMnYmuEx4IOkgWAGXPSEzRY7cwb3N0XMmrDMnD9vp7MysNyAriIIeGgIQg==",
      "requires": {
        "bson": "^1.1.1",
        "require_optional": "^1.0.1",
        "safe-buffer": "^5.1.2",
        "saslprep": "^1.0.0"
      }
    },
    "nanobe": {
      "version": "0.1.2",
      "resolved": "https://registry.npmjs.org/nanobe/-/nanobe-0.1.2.tgz",
      "integrity": "sha512-IJhsQSggvkHFoJHweYcJHcMi/PatSuVY7oV6sjkjyJx6T+xgIbmKH+1z2iFmgKDRCWvR1BOvmXihc1jU/OeT5A=="
    },
    "node-addon-api": {
      "version": "1.6.2",
      "resolved": "https://registry.npmjs.org/node-addon-api/-/node-addon-api-1.6.2.tgz",
      "integrity": "sha512-479Bjw9nTE5DdBSZZWprFryHGjUaQC31y1wHo19We/k0BZlrmhqQitWoUL0cD8+scljCbIUL+E58oRDEakdGGA=="
    },
    "require_optional": {
      "version": "1.0.1",
      "resolved": "https://registry.npmjs.org/require_optional/-/require_optional-1.0.1.tgz",
      "integrity": "sha512-qhM/y57enGWHAe3v/NcwML6a3/vfESLe/sGM2dII+gEO0BpKRUkWZow/tyloNqJyN6kXSl3RyyM8Ll5D/sJP8g==",
      "requires": {
        "resolve-from": "^2.0.0",
        "semver": "^5.1.0"
      }
    },
    "resolve-from": {
      "version": "2.0.0",
      "resolved": "https://registry.npmjs.org/resolve-from/-/resolve-from-2.0.0.tgz",
      "integrity": "sha1-lICrIOlP+h2egKgEx+oUdhGWa1c="
    },
    "safe-buffer": {
      "version": "5.1.2",
      "resolved": "https://registry.npmjs.org/safe-buffer/-/safe-buffer-5.1.2.tgz",
      "integrity": "sha512-Gd2UZBJDkXlY7GbJxfsE8/nvKkUEU1G38c1siN6QP6a9PT9MmHB8GnpscSmMJSoF8LOIrt8ud/wPtojys4G6+g=="
    },
    "saslprep": {
      "version": "1.0.2",
      "resolved": "https://registry.npmjs.org/saslprep/-/saslprep-1.0.2.tgz",
      "integrity": "sha512-4cDsYuAjXssUSjxHKRe4DTZC0agDwsCqcMqtJAQPzC74nJ7LfAJflAtC1Zed5hMzEQKj82d3tuzqdGNRsLJ4Gw==",
      "optional": true,
      "requires": {
        "sparse-bitfield": "^3.0.3"
      }
    },
    "semver": {
      "version": "5.7.0",
      "resolved": "https://registry.npmjs.org/semver/-/semver-5.7.0.tgz",
      "integrity": "sha512-Ya52jSX2u7QKghxeoFGpLwCtGlt7j0oY9DYb5apt9nPlJ42ID+ulTXESnt/qAQcoSERyZ5sl3LDIOw0nAn/5DA=="
    },
    "sparse-bitfield": {
      "version": "3.0.3",
      "resolved": "https://registry.npmjs.org/sparse-bitfield/-/sparse-bitfield-3.0.3.tgz",
      "integrity": "sha1-/0rm5oZWBWuks+eSqzM004JzyhE=",
      "optional": true,
      "requires": {
        "memory-pager": "^1.0.2"
      }
    }
  }
}
