{
  "name": "capacitor",
  "version": "0.1.0",
  "lockfileVersion": 1,
  "requires": true,
  "dependencies": {
    "nanobe": {
      "version": "0.1.2",
      "resolved": "https://registry.npmjs.org/nanobe/-/nanobe-0.1.2.tgz",
      "integrity": "sha512-IJhsQSggvkHFoJHweYcJHcMi/PatSuVY7oV6sjkjyJx6T+xgIbmKH+1z2iFmgKDRCWvR1BOvmXihc1jU/OeT5A=="
    }
  }
}
